
Microsoft Visual Studio Solution File, Format Version 12.00
# Visual Studio Version 17
VisualStudioVersion = 17.11.35222.181
MinimumVisualStudioVersion = 10.0.40219.1
Project("{9A19103F-16F7-4668-BE54-9A1E7A4F7556}") = "LogRegApi", "LogRegApi.csproj", "{77C8EBBD-E3D1-4919-AEC0-B844896D026A}"
EndProject
Project("{FAE04EC0-301F-11D3-BF4B-00C04F79EFBC}") = "MyMvcApp", "..\MyMvcApp\MyMvcApp.csproj", "{014D6985-7810-49F3-B464-5E1642AB0F5A}"
EndProject
Global
	GlobalSection(SolutionConfigurationPlatforms) = preSolution
		Debug|Any CPU = Debug|Any CPU
		Release|Any CPU = Release|Any CPU
	EndGlobalSection
	GlobalSection(ProjectConfigurationPlatforms) = postSolution
		{77C8EBBD-E3D1-4919-AEC0-B844896D026A}.Debug|Any CPU.ActiveCfg = Debug|Any CPU
		{77C8EBBD-E3D1-4919-AEC0-B844896D026A}.Debug|Any CPU.Build.0 = Debug|Any CPU
		{77C8EBBD-E3D1-4919-AEC0-B844896D026A}.Release|Any CPU.ActiveCfg = Release|Any CPU
		{77C8EBBD-E3D1-4919-AEC0-B844896D026A}.Release|Any CPU.Build.0 = Release|Any CPU
		{014D6985-7810-49F3-B464-5E1642AB0F5A}.Debug|Any CPU.ActiveCfg = Debug|Any CPU
		{014D6985-7810-49F3-B464-5E1642AB0F5A}.Debug|Any CPU.Build.0 = Debug|Any CPU
		{014D6985-7810-49F3-B464-5E1642AB0F5A}.Release|Any CPU.ActiveCfg = Release|Any CPU
		{014D6985-7810-49F3-B464-5E1642AB0F5A}.Release|Any CPU.Build.0 = Release|Any CPU
	EndGlobalSection
	GlobalSection(SolutionProperties) = preSolution
		HideSolutionNode = FALSE
	EndGlobalSection
	GlobalSection(ExtensibilityGlobals) = postSolution
		SolutionGuid = {5188E08B-9352-41AD-A8D2-EE19393E215C}
	EndGlobalSection
EndGlobal
